
Microsoft Visual Studio Solution File, Format Version 12.00
# Visual Studio Version 16
VisualStudioVersion = 16.0.31129.286
MinimumVisualStudioVersion = 10.0.40219.1
Project("{FAE04EC0-301F-11D3-BF4B-00C04F79EFBC}") = "Blocknot", "WindowsFormsApp4\Blocknot.csproj", "{F040FF1A-E56A-4D33-B865-895EAE3057AD}"
EndProject
Project("{FAE04EC0-301F-11D3-BF4B-00C04F79EFBC}") = "Provodnik", "Provodnik\Provodnik.csproj", "{323CDCEF-03AE-4748-92EB-BC076EE7A6D9}"
EndProject
Project("{FAE04EC0-301F-11D3-BF4B-00C04F79EFBC}") = "Chess", "Chess\Chess.csproj", "{35BFEF81-A3A8-445D-9740-18F8DC0AE0AD}"
EndProject
Project("{FAE04EC0-301F-11D3-BF4B-00C04F79EFBC}") = "PaintDZ", "PaintDZ\PaintDZ.csproj", "{E13809DC-4EFC-4A8F-B5C5-D38A944EC4ED}"
EndProject
Global
	GlobalSection(SolutionConfigurationPlatforms) = preSolution
		Debug|Any CPU = Debug|Any CPU
		Release|Any CPU = Release|Any CPU
	EndGlobalSection
	GlobalSection(ProjectConfigurationPlatforms) = postSolution
		{F040FF1A-E56A-4D33-B865-895EAE3057AD}.Debug|Any CPU.ActiveCfg = Debug|Any CPU
		{F040FF1A-E56A-4D33-B865-895EAE3057AD}.Debug|Any CPU.Build.0 = Debug|Any CPU
		{F040FF1A-E56A-4D33-B865-895EAE3057AD}.Release|Any CPU.ActiveCfg = Release|Any CPU
		{F040FF1A-E56A-4D33-B865-895EAE3057AD}.Release|Any CPU.Build.0 = Release|Any CPU
		{323CDCEF-03AE-4748-92EB-BC076EE7A6D9}.Debug|Any CPU.ActiveCfg = Debug|Any CPU
		{323CDCEF-03AE-4748-92EB-BC076EE7A6D9}.Debug|Any CPU.Build.0 = Debug|Any CPU
		{323CDCEF-03AE-4748-92EB-BC076EE7A6D9}.Release|Any CPU.ActiveCfg = Release|Any CPU
		{323CDCEF-03AE-4748-92EB-BC076EE7A6D9}.Release|Any CPU.Build.0 = Release|Any CPU
		{35BFEF81-A3A8-445D-9740-18F8DC0AE0AD}.Debug|Any CPU.ActiveCfg = Debug|Any CPU
		{35BFEF81-A3A8-445D-9740-18F8DC0AE0AD}.Debug|Any CPU.Build.0 = Debug|Any CPU
		{35BFEF81-A3A8-445D-9740-18F8DC0AE0AD}.Release|Any CPU.ActiveCfg = Release|Any CPU
		{35BFEF81-A3A8-445D-9740-18F8DC0AE0AD}.Release|Any CPU.Build.0 = Release|Any CPU
		{E13809DC-4EFC-4A8F-B5C5-D38A944EC4ED}.Debug|Any CPU.ActiveCfg = Debug|Any CPU
		{E13809DC-4EFC-4A8F-B5C5-D38A944EC4ED}.Debug|Any CPU.Build.0 = Debug|Any CPU
		{E13809DC-4EFC-4A8F-B5C5-D38A944EC4ED}.Release|Any CPU.ActiveCfg = Release|Any CPU
		{E13809DC-4EFC-4A8F-B5C5-D38A944EC4ED}.Release|Any CPU.Build.0 = Release|Any CPU
	EndGlobalSection
	GlobalSection(SolutionProperties) = preSolution
		HideSolutionNode = FALSE
	EndGlobalSection
	GlobalSection(ExtensibilityGlobals) = postSolution
		SolutionGuid = {10B11343-D2C6-450A-BB03-5A752D36C966}
	EndGlobalSection
EndGlobal
